<?xml version="1.0" encoding="UTF-8" standalone="yes" ?>
<CodeBlocks_project_file>
	<FileVersion major="1" minor="6" />
	<Project>
		<Option title="sharc_cpp" />
		<Option pch_mode="2" />
		<Option compiler="clang" />
		<Build>
			<Target title="Debug">
				<Option output="bin/Debug/sharc_cpp" prefix_auto="1" extension_auto="1" />
				<Option object_output="obj/Debug/" />
				<Option type="1" />
				<Option compiler="clang" />
				<Compiler>
					<Add option="-std=c++1y" />
					<Add option="-pg" />
					<Add option="-g" />
					<Add option="-fexceptions" />
					<Add option="-fopenmp" />
					<Add option="-lboost_iostreams" />
					<Add option="-fprofile-arcs" />
					<Add option="-ftest-coverage" />
					<Add option="-lgcov" />
					<Add option="-O0" />
					<Add option="-DBUILD_WITH_EASY_PROFILER" />
				</Compiler>
				<Linker>
					<Add option="-pg" />
					<Add option="-lgcov" />
					<Add option="--coverage" />
					<Add option="-lboost_iostreams" />
					<Add directory="/home/egor/usr/lib/" />
				</Linker>
			</Target>
			<Target title="Release">
				<Option output="bin/Release/sharc_cpp" prefix_auto="1" extension_auto="1" />
				<Option object_output="obj/Release/" />
				<Option type="1" />
				<Option compiler="clang" />
				<Compiler>
					<Add option="-O2" />
					<Add option="-std=c++1y" />
					<Add option="-fexceptions" />
					<Add option="-fopenmp" />
					<Add option="-s" />
					<Add option="-lboost_iostreams" />
					<Add option="-DBUILD_WITH_EASY_PROFILER" />
				</Compiler>
				<Linker>
					<Add option="-s" />
				</Linker>
			</Target>
		</Build>
		<Compiler>
			<Add option="-Wall" />
			<Add option="-std=c++1y" />
			<Add option="-pg" />
			<Add option="-fexceptions" />
			<Add option="-lboost_iostreams" />
			<Add option="-fopenmp" />
			<Add option="-lz" />
			<Add option="-lbz2" />
			<Add option="-DBUILD_WITH_EASY_PROFILER" />
			<Add directory="/home/egor/usr/include" />
		</Compiler>
		<Linker>
			<Add option="-pg" />
			<Add option="-static" />
			<Add option="-lboost_iostreams" />
			<Add option="-lz" />
			<Add option="-lbz2" />
			<Add directory="/home/egor/usr/lib/" />
			<Add directory="/usr/lib/x86_64-linux-gnu" />
		</Linker>
		<Unit filename="ahocorasik.cpp" />
		<Unit filename="ahocorasik.hpp" />
		<Unit filename="argparse.hpp" />
		<Unit filename="base64.cpp" />
		<Unit filename="base64.hpp">
			<Option target="&lt;{~None~}&gt;" />
		</Unit>
		<Unit filename="bwt.hpp" />
		<Unit filename="compressor.cpp" />
		<Unit filename="compressor.hpp">
			<Option target="&lt;{~None~}&gt;" />
		</Unit>
		<Unit filename="global.hpp" />
		<Unit filename="huffman.hpp" />
		<Unit filename="keys.cpp" />
		<Unit filename="keys.hpp">
			<Option target="&lt;{~None~}&gt;" />
		</Unit>
		<Unit filename="lcp.cpp" />
		<Unit filename="lcp.hpp">
			<Option target="&lt;{~None~}&gt;" />
		</Unit>
		<Unit filename="main.cpp" />
		<Unit filename="markov.hpp">
			<Option target="&lt;{~None~}&gt;" />
		</Unit>
		<Unit filename="rabinkarp.cpp" />
		<Unit filename="rabinkarp.hpp">
			<Option target="&lt;{~None~}&gt;" />
		</Unit>
		<Unit filename="statistics.cpp" />
		<Unit filename="statistics.hpp" />
		<Unit filename="string_compressors.cpp">
			<Option compile="0" />
			<Option link="0" />
		</Unit>
		<Unit filename="string_compressors.hpp">
			<Option target="&lt;{~None~}&gt;" />
		</Unit>
		<Unit filename="support.cpp" />
		<Unit filename="support.hpp">
			<Option target="&lt;{~None~}&gt;" />
		</Unit>
		<Extensions>
			<code_completion />
			<envvars />
			<lib_finder disable_auto="1" />
			<debugger />
		</Extensions>
	</Project>
</CodeBlocks_project_file>
